{
  "version": 4,
  "terraform_version": "1.15.6",
  "serial": 5,
  "lineage": "76415d6d-3c80-dafa-2ff7-f9b783a8b4c3",
  "outputs": {
    "db_credentials_secret_arn": {
      "value": "arn:aws:secretsmanager:us-east-2:885388406688:secret:sqspecportaldbdev-credentials-bSBu1A",
      "type": "string"
    }
  },
  "resources": [
    {
      "mode": "managed",
      "type": "aws_db_instance",
      "name": "default",
      "provider": "provider[\"registry.terraform.io/hashicorp/aws\"]",
      "instances": [
        {
          "schema_version": 2,
          "attributes": {
            "address": "sq-spec-portal-postgres-dev.c5e2yso4y1p7.us-east-2.rds.amazonaws.com",
            "allocated_storage": 20,
            "allow_major_version_upgrade": null,
            "apply_immediately": false,
            "arn": "arn:aws:rds:us-east-2:885388406688:db:sq-spec-portal-postgres-dev",
            "auto_minor_version_upgrade": true,
            "availability_zone": "us-east-2a",
            "backup_retention_period": 0,
            "backup_target": "region",
            "backup_window": "06:24-06:54",
            "blue_green_update": [],
            "ca_cert_identifier": "rds-ca-rsa2048-g1",
            "character_set_name": "",
            "copy_tags_to_snapshot": false,
            "custom_iam_instance_profile": "",
            "customer_owned_ip_enabled": false,
            "database_insights_mode": "standard",
            "db_name": "sqspecportaldbdev",
            "db_subnet_group_name": "default",
            "dedicated_log_volume": false,
            "delete_automated_backups": true,
            "deletion_protection": false,
            "domain": "",
            "domain_auth_secret_arn": "",
            "domain_dns_ips": null,
            "domain_fqdn": "",
            "domain_iam_role_name": "",
            "domain_ou": "",
            "enabled_cloudwatch_logs_exports": null,
            "endpoint": "sq-spec-portal-postgres-dev.c5e2yso4y1p7.us-east-2.rds.amazonaws.com:5432",
            "engine": "postgres",
            "engine_lifecycle_support": "open-source-rds-extended-support",
            "engine_version": "17",
            "engine_version_actual": "17.9",
            "final_snapshot_identifier": null,
            "hosted_zone_id": "Z2XHWR1WZ565X2",
            "iam_database_authentication_enabled": false,
            "id": "db-KFD2VFGJNDNYNDQ6X2U7OF6ISA",
            "identifier": "sq-spec-portal-postgres-dev",
            "identifier_prefix": "",
            "instance_class": "db.t3.micro",
            "iops": 0,
            "kms_key_id": "",
            "latest_restorable_time": "",
            "license_model": "postgresql-license",
            "listener_endpoint": [],
            "maintenance_window": "thu:10:05-thu:10:35",
            "manage_master_user_password": null,
            "master_user_secret": [],
            "master_user_secret_kms_key_id": null,
            "max_allocated_storage": 0,
            "monitoring_interval": 0,
            "monitoring_role_arn": "",
            "multi_az": false,
            "nchar_character_set_name": "",
            "network_type": "IPV4",
            "option_group_name": "default:postgres-17",
            "parameter_group_name": "default.postgres17",
            "password": "\u003ccx))cCST+WjqA)I",
            "password_wo": null,
            "password_wo_version": null,
            "performance_insights_enabled": false,
            "performance_insights_kms_key_id": "",
            "performance_insights_retention_period": 0,
            "port": 5432,
            "publicly_accessible": true,
            "region": "us-east-2",
            "replica_mode": "",
            "replicas": [],
            "replicate_source_db": "",
            "resource_id": "db-KFD2VFGJNDNYNDQ6X2U7OF6ISA",
            "restore_to_point_in_time": [],
            "s3_import": [],
            "skip_final_snapshot": true,
            "snapshot_identifier": null,
            "status": "available",
            "storage_encrypted": false,
            "storage_throughput": 0,
            "storage_type": "gp2",
            "tags": {
              "Environment": "dev",
              "Name": "sq-spec-portal-postgres-dev"
            },
            "tags_all": {
              "Environment": "dev",
              "Name": "sq-spec-portal-postgres-dev"
            },
            "timeouts": null,
            "timezone": "",
            "upgrade_rollout_order": "second",
            "upgrade_storage_config": null,
            "username": "sqspecportaldbuserdev",
            "vpc_security_group_ids": [
              "sg-0bc3ba3215e9d63c1"
            ]
          },
          "sensitive_attributes": [
            [
              {
                "type": "get_attr",
                "value": "password"
              }
            ],
            [
              {
                "type": "get_attr",
                "value": "password_wo"
              }
            ]
          ],
          "identity_schema_version": 0,
          "private": "eyJlMmJmYjczMC1lY2FhLTExZTYtOGY4OC0zNDM2M2JjN2M0YzAiOnsiY3JlYXRlIjozMDAwMDAwMDAwMDAwLCJkZWxldGUiOjM2MDAwMDAwMDAwMDAsInVwZGF0ZSI6NDgwMDAwMDAwMDAwMH0sInNjaGVtYV92ZXJzaW9uIjoiMiJ9",
          "dependencies": [
            "random_password.password"
          ]
        }
      ]
    },
    {
      "mode": "managed",
      "type": "aws_secretsmanager_secret",
      "name": "db_credentials",
      "provider": "provider[\"registry.terraform.io/hashicorp/aws\"]",
      "instances": [
        {
          "schema_version": 0,
          "attributes": {
            "arn": "arn:aws:secretsmanager:us-east-2:885388406688:secret:sqspecportaldbdev-credentials-bSBu1A",
            "description": "",
            "force_overwrite_replica_secret": false,
            "id": "arn:aws:secretsmanager:us-east-2:885388406688:secret:sqspecportaldbdev-credentials-bSBu1A",
            "kms_key_id": "",
            "name": "sqspecportaldbdev-credentials",
            "name_prefix": "",
            "policy": "",
            "recovery_window_in_days": 30,
            "region": "us-east-2",
            "replica": [],
            "tags": null,
            "tags_all": {}
          },
          "sensitive_attributes": [],
          "identity_schema_version": 0,
          "identity": {
            "arn": "arn:aws:secretsmanager:us-east-2:885388406688:secret:sqspecportaldbdev-credentials-bSBu1A"
          },
          "private": "bnVsbA=="
        }
      ]
    },
    {
      "mode": "managed",
      "type": "aws_secretsmanager_secret_version",
      "name": "db_credentials_version",
      "provider": "provider[\"registry.terraform.io/hashicorp/aws\"]",
      "instances": [
        {
          "schema_version": 0,
          "attributes": {
            "arn": "arn:aws:secretsmanager:us-east-2:885388406688:secret:sqspecportaldbdev-credentials-bSBu1A",
            "has_secret_string_wo": null,
            "id": "arn:aws:secretsmanager:us-east-2:885388406688:secret:sqspecportaldbdev-credentials-bSBu1A|terraform-jW1BDOtpYrljHLhwopk823VRjk",
            "region": "us-east-2",
            "secret_arn": "arn:aws:secretsmanager:us-east-2:885388406688:secret:sqspecportaldbdev-credentials-bSBu1A",
            "secret_binary": "",
            "secret_id": "arn:aws:secretsmanager:us-east-2:885388406688:secret:sqspecportaldbdev-credentials-bSBu1A",
            "secret_string": "{\"dbname\":\"sqspecportaldbdev\",\"engine\":\"postgres\",\"host\":\"sq-spec-portal-postgres-dev.c5e2yso4y1p7.us-east-2.rds.amazonaws.com\",\"password\":\"\\u003ccx))cCST+WjqA)I\",\"port\":5432,\"username\":\"sqspecportaldbuserdev\"}",
            "secret_string_wo": null,
            "secret_string_wo_version": null,
            "version_id": "terraform-jW1BDOtpYrljHLhwopk823VRjk",
            "version_stages": [
              "AWSCURRENT"
            ]
          },
          "sensitive_attributes": [
            [
              {
                "type": "get_attr",
                "value": "secret_binary"
              }
            ],
            [
              {
                "type": "get_attr",
                "value": "secret_string"
              }
            ],
            [
              {
                "type": "get_attr",
                "value": "secret_string_wo"
              }
            ]
          ],
          "identity_schema_version": 0,
          "identity": {
            "account_id": "885388406688",
            "region": "us-east-2",
            "secret_id": "arn:aws:secretsmanager:us-east-2:885388406688:secret:sqspecportaldbdev-credentials-bSBu1A",
            "version_id": "terraform-jW1BDOtpYrljHLhwopk823VRjk"
          },
          "private": "bnVsbA==",
          "dependencies": [
            "aws_db_instance.default",
            "aws_secretsmanager_secret.db_credentials",
            "random_password.password"
          ]
        }
      ]
    },
    {
      "mode": "managed",
      "type": "random_password",
      "name": "password",
      "provider": "provider[\"registry.terraform.io/hashicorp/random\"]",
      "instances": [
        {
          "schema_version": 3,
          "attributes": {
            "bcrypt_hash": "$2a$10$VAIERWCRHUdhzLRoPWUMD.swvSZfRm.bBWELbmKSo4kbDMtX4pSb6",
            "id": "none",
            "keepers": null,
            "length": 16,
            "lower": true,
            "min_lower": 0,
            "min_numeric": 0,
            "min_special": 0,
            "min_upper": 0,
            "number": true,
            "numeric": true,
            "override_special": null,
            "result": "\u003ccx))cCST+WjqA)I",
            "special": true,
            "upper": true
          },
          "sensitive_attributes": [
            [
              {
                "type": "get_attr",
                "value": "bcrypt_hash"
              }
            ],
            [
              {
                "type": "get_attr",
                "value": "result"
              }
            ]
          ],
          "identity_schema_version": 0
        }
      ]
    }
  ],
  "check_results": null
}
