{
  "version": 4,
  "terraform_version": "1.15.6",
  "serial": 13,
  "lineage": "bf99883a-b8dc-2c47-d026-a6261ee49125",
  "outputs": {
    "db_credentials_secret_arn": {
      "value": "arn:aws:secretsmanager:us-east-2:885388406688:secret:specificationcentralizeddbdev-credentials-MKfeUB",
      "type": "string"
    }
  },
  "resources": [
    {
      "mode": "managed",
      "type": "aws_db_instance",
      "name": "default",
      "provider": "provider[\"registry.terraform.io/hashicorp/aws\"]",
      "instances": [
        {
          "schema_version": 2,
          "attributes": {
            "address": "spec-portal-postgres-dev.c5e2yso4y1p7.us-east-2.rds.amazonaws.com",
            "allocated_storage": 20,
            "allow_major_version_upgrade": null,
            "apply_immediately": false,
            "arn": "arn:aws:rds:us-east-2:885388406688:db:spec-portal-postgres-dev",
            "auto_minor_version_upgrade": true,
            "availability_zone": "us-east-2c",
            "backup_retention_period": 0,
            "backup_target": "region",
            "backup_window": "07:30-08:00",
            "blue_green_update": [],
            "ca_cert_identifier": "rds-ca-rsa2048-g1",
            "character_set_name": "",
            "copy_tags_to_snapshot": false,
            "custom_iam_instance_profile": "",
            "customer_owned_ip_enabled": false,
            "database_insights_mode": "standard",
            "db_name": "specificationcentralizeddbdev",
            "db_subnet_group_name": "default",
            "dedicated_log_volume": false,
            "delete_automated_backups": true,
            "deletion_protection": false,
            "domain": "",
            "domain_auth_secret_arn": "",
            "domain_dns_ips": [],
            "domain_fqdn": "",
            "domain_iam_role_name": "",
            "domain_ou": "",
            "enabled_cloudwatch_logs_exports": [],
            "endpoint": "spec-portal-postgres-dev.c5e2yso4y1p7.us-east-2.rds.amazonaws.com:5432",
            "engine": "postgres",
            "engine_lifecycle_support": "open-source-rds-extended-support",
            "engine_version": "17",
            "engine_version_actual": "17.9",
            "final_snapshot_identifier": null,
            "hosted_zone_id": "Z2XHWR1WZ565X2",
            "iam_database_authentication_enabled": false,
            "id": "db-FR7Z2PSMHVV75YT3BKCWTW4CC4",
            "identifier": "spec-portal-postgres-dev",
            "identifier_prefix": "",
            "instance_class": "db.t3.micro",
            "iops": 0,
            "kms_key_id": "",
            "latest_restorable_time": "",
            "license_model": "postgresql-license",
            "listener_endpoint": [],
            "maintenance_window": "mon:10:00-mon:10:30",
            "manage_master_user_password": false,
            "master_user_secret": [],
            "master_user_secret_kms_key_id": null,
            "max_allocated_storage": 0,
            "monitoring_interval": 0,
            "monitoring_role_arn": "",
            "multi_az": false,
            "nchar_character_set_name": "",
            "network_type": "IPV4",
            "option_group_name": "default:postgres-17",
            "parameter_group_name": "default.postgres17",
            "password": "?=*9bb?kP+NP%2!s",
            "password_wo": null,
            "password_wo_version": null,
            "performance_insights_enabled": false,
            "performance_insights_kms_key_id": "",
            "performance_insights_retention_period": 0,
            "port": 5432,
            "publicly_accessible": true,
            "region": "us-east-2",
            "replica_mode": "",
            "replicas": [],
            "replicate_source_db": "",
            "resource_id": "db-FR7Z2PSMHVV75YT3BKCWTW4CC4",
            "restore_to_point_in_time": [],
            "s3_import": [],
            "skip_final_snapshot": true,
            "snapshot_identifier": null,
            "status": "available",
            "storage_encrypted": false,
            "storage_throughput": 0,
            "storage_type": "gp2",
            "tags": {
              "Environment": "dev",
              "Name": "spec-portal-postgres-dev"
            },
            "tags_all": {
              "Environment": "dev",
              "Name": "spec-portal-postgres-dev"
            },
            "timeouts": null,
            "timezone": "",
            "upgrade_rollout_order": "second",
            "upgrade_storage_config": null,
            "username": "specificationcentralizedbackenddevuser",
            "vpc_security_group_ids": [
              "sg-0bc3ba3215e9d63c1"
            ]
          },
          "sensitive_attributes": [
            [
              {
                "type": "get_attr",
                "value": "password"
              }
            ],
            [
              {
                "type": "get_attr",
                "value": "password_wo"
              }
            ]
          ],
          "identity_schema_version": 0,
          "private": "eyJlMmJmYjczMC1lY2FhLTExZTYtOGY4OC0zNDM2M2JjN2M0YzAiOnsiY3JlYXRlIjozMDAwMDAwMDAwMDAwLCJkZWxldGUiOjM2MDAwMDAwMDAwMDAsInVwZGF0ZSI6NDgwMDAwMDAwMDAwMH0sInNjaGVtYV92ZXJzaW9uIjoiMiJ9",
          "dependencies": [
            "random_password.password"
          ]
        }
      ]
    },
    {
      "mode": "managed",
      "type": "aws_secretsmanager_secret",
      "name": "db_credentials",
      "provider": "provider[\"registry.terraform.io/hashicorp/aws\"]",
      "instances": [
        {
          "schema_version": 0,
          "attributes": {
            "arn": "arn:aws:secretsmanager:us-east-2:885388406688:secret:specificationcentralizeddbdev-credentials-MKfeUB",
            "description": "",
            "force_overwrite_replica_secret": false,
            "id": "arn:aws:secretsmanager:us-east-2:885388406688:secret:specificationcentralizeddbdev-credentials-MKfeUB",
            "kms_key_id": "",
            "name": "specificationcentralizeddbdev-credentials",
            "name_prefix": "",
            "policy": "",
            "recovery_window_in_days": 30,
            "region": "us-east-2",
            "replica": [],
            "tags": null,
            "tags_all": {}
          },
          "sensitive_attributes": [],
          "identity_schema_version": 0,
          "identity": {
            "arn": "arn:aws:secretsmanager:us-east-2:885388406688:secret:specificationcentralizeddbdev-credentials-MKfeUB"
          },
          "private": "bnVsbA=="
        }
      ]
    },
    {
      "mode": "managed",
      "type": "aws_secretsmanager_secret_version",
      "name": "db_credentials_version",
      "provider": "provider[\"registry.terraform.io/hashicorp/aws\"]",
      "instances": [
        {
          "schema_version": 0,
          "attributes": {
            "arn": "arn:aws:secretsmanager:us-east-2:885388406688:secret:specificationcentralizeddbdev-credentials-MKfeUB",
            "has_secret_string_wo": null,
            "id": "arn:aws:secretsmanager:us-east-2:885388406688:secret:specificationcentralizeddbdev-credentials-MKfeUB|terraform-BCZGqoT0HucDIQPoRLt22UXKwq",
            "region": "us-east-2",
            "secret_arn": "arn:aws:secretsmanager:us-east-2:885388406688:secret:specificationcentralizeddbdev-credentials-MKfeUB",
            "secret_binary": "",
            "secret_id": "arn:aws:secretsmanager:us-east-2:885388406688:secret:specificationcentralizeddbdev-credentials-MKfeUB",
            "secret_string": "{\"dbname\":\"specificationcentralizeddbdev\",\"engine\":\"postgres\",\"host\":\"spec-portal-postgres-dev.c5e2yso4y1p7.us-east-2.rds.amazonaws.com\",\"password\":\"?=*9bb?kP+NP%2!s\",\"port\":5432,\"username\":\"specificationcentralizedbackenddevuser\"}",
            "secret_string_wo": null,
            "secret_string_wo_version": null,
            "version_id": "terraform-BCZGqoT0HucDIQPoRLt22UXKwq",
            "version_stages": [
              "AWSCURRENT"
            ]
          },
          "sensitive_attributes": [
            [
              {
                "type": "get_attr",
                "value": "secret_binary"
              }
            ],
            [
              {
                "type": "get_attr",
                "value": "secret_string"
              }
            ],
            [
              {
                "type": "get_attr",
                "value": "secret_string_wo"
              }
            ]
          ],
          "identity_schema_version": 0,
          "identity": {
            "account_id": "885388406688",
            "region": "us-east-2",
            "secret_id": "arn:aws:secretsmanager:us-east-2:885388406688:secret:specificationcentralizeddbdev-credentials-MKfeUB",
            "version_id": "terraform-BCZGqoT0HucDIQPoRLt22UXKwq"
          },
          "private": "bnVsbA==",
          "dependencies": [
            "aws_db_instance.default",
            "aws_secretsmanager_secret.db_credentials",
            "random_password.password"
          ]
        }
      ]
    },
    {
      "mode": "managed",
      "type": "random_password",
      "name": "password",
      "provider": "provider[\"registry.terraform.io/hashicorp/random\"]",
      "instances": [
        {
          "schema_version": 3,
          "attributes": {
            "bcrypt_hash": "$2a$10$od1Iau1N7EZeJUpRB7olAOoD96BqcEfDwffmW6LespoFtJtpIIbCG",
            "id": "none",
            "keepers": null,
            "length": 16,
            "lower": true,
            "min_lower": 0,
            "min_numeric": 0,
            "min_special": 0,
            "min_upper": 0,
            "number": true,
            "numeric": true,
            "override_special": null,
            "result": "?=*9bb?kP+NP%2!s",
            "special": true,
            "upper": true
          },
          "sensitive_attributes": [
            [
              {
                "type": "get_attr",
                "value": "bcrypt_hash"
              }
            ],
            [
              {
                "type": "get_attr",
                "value": "result"
              }
            ]
          ],
          "identity_schema_version": 0
        }
      ]
    }
  ],
  "check_results": null
}
