{
  "version": 4,
  "terraform_version": "1.15.6",
  "serial": 3,
  "lineage": "07b1c59f-c199-be5c-3ea1-580740c5e556",
  "outputs": {
    "access_key_id": {
      "value": "AKIA44JKC56QJ4MJXVWH",
      "type": "string"
    },
    "secret_access_key": {
      "value": "8EnSYsnyrEyE7PZ1nTDZNiP4RGpc0J0xJ3a3nOjr",
      "type": "string",
      "sensitive": true
    },
    "user_arn": {
      "value": "arn:aws:iam::885388406688:user/system/spec-portal-backend-iam-user-dev",
      "type": "string"
    }
  },
  "resources": [
    {
      "mode": "managed",
      "type": "aws_iam_access_key",
      "name": "user_key",
      "provider": "provider[\"registry.terraform.io/hashicorp/aws\"]",
      "instances": [
        {
          "schema_version": 0,
          "attributes": {
            "create_date": "2026-07-27T17:00:05Z",
            "encrypted_secret": null,
            "encrypted_ses_smtp_password_v4": null,
            "id": "AKIA44JKC56QJ4MJXVWH",
            "key_fingerprint": null,
            "pgp_key": null,
            "secret": "8EnSYsnyrEyE7PZ1nTDZNiP4RGpc0J0xJ3a3nOjr",
            "ses_smtp_password_v4": "BP9fwqFMlLLOaxQIhU6aaWBHQDOCdSvB+kRXqz49as14",
            "status": "Active",
            "user": "spec-portal-backend-iam-user-dev"
          },
          "sensitive_attributes": [
            [
              {
                "type": "get_attr",
                "value": "secret"
              }
            ],
            [
              {
                "type": "get_attr",
                "value": "ses_smtp_password_v4"
              }
            ]
          ],
          "identity_schema_version": 0,
          "identity": {
            "account_id": "885388406688",
            "id": "AKIA44JKC56QJ4MJXVWH"
          },
          "private": "bnVsbA==",
          "dependencies": [
            "aws_iam_user.user"
          ]
        }
      ]
    },
    {
      "mode": "managed",
      "type": "aws_iam_user",
      "name": "user",
      "provider": "provider[\"registry.terraform.io/hashicorp/aws\"]",
      "instances": [
        {
          "schema_version": 0,
          "attributes": {
            "arn": "arn:aws:iam::885388406688:user/system/spec-portal-backend-iam-user-dev",
            "force_destroy": false,
            "id": "spec-portal-backend-iam-user-dev",
            "name": "spec-portal-backend-iam-user-dev",
            "path": "/system/",
            "permissions_boundary": "",
            "tags": {
              "Name": "spec-portal-backend-iam-user-dev"
            },
            "tags_all": {
              "Name": "spec-portal-backend-iam-user-dev"
            },
            "unique_id": "AIDA44JKC56QO3FU6YMKU"
          },
          "sensitive_attributes": [],
          "identity_schema_version": 0,
          "identity": {
            "account_id": "885388406688",
            "name": "spec-portal-backend-iam-user-dev"
          },
          "private": "bnVsbA=="
        }
      ]
    }
  ],
  "check_results": null
}
